
Microsoft Visual Studio Solution File, Format Version 12.00
# Visual Studio Version 17
VisualStudioVersion = 17.9.34607.119
MinimumVisualStudioVersion = 10.0.40219.1
Project("{888888A0-9F3D-457C-B088-3A5042F75D52}") = "city_route", "city_route\city_route.pyproj", "{625C1A23-B86B-414F-9FA2-CC64614473A5}"
EndProject
Global
	GlobalSection(SolutionConfigurationPlatforms) = preSolution
		Debug|Any CPU = Debug|Any CPU
		Release|Any CPU = Release|Any CPU
	EndGlobalSection
	GlobalSection(ProjectConfigurationPlatforms) = postSolution
		{625C1A23-B86B-414F-9FA2-CC64614473A5}.Debug|Any CPU.ActiveCfg = Debug|Any CPU
		{625C1A23-B86B-414F-9FA2-CC64614473A5}.Release|Any CPU.ActiveCfg = Release|Any CPU
	EndGlobalSection
	GlobalSection(SolutionProperties) = preSolution
		HideSolutionNode = FALSE
	EndGlobalSection
	GlobalSection(ExtensibilityGlobals) = postSolution
		SolutionGuid = {6D2F2A4C-CD79-4061-BE6E-33A6732A8E65}
	EndGlobalSection
EndGlobal
